// !$*UTF8*$!
{
	archiveVersion = 1;
	classes = {
	};
	objectVersion = 46;
	objects = {

/* Begin PBXFileReference section */
		77C0D91419AE27D600C8CA5C /* Autolayout_exec.js */ = {isa = PBXFileReference; lastKnownFileType = sourcecode.javascript; path = Autolayout_exec.js; sourceTree = "<group>"; };
		77C0D91519AE27D600C8CA5C /* Autolayout.js */ = {isa = PBXFileReference; lastKnownFileType = sourcecode.javascript; path = Autolayout.js; sourceTree = "<group>"; };
		77C0D91619AE27F200C8CA5C /* README */ = {isa = PBXFileReference; lastKnownFileType = text; path = README; sourceTree = "<group>"; };
		77C0D91719AE288200C8CA5C /* Flow (Example).txt */ = {isa = PBXFileReference; lastKnownFileType = text; path = "Flow (Example).txt"; sourceTree = "<group>"; };
/* End PBXFileReference section */

/* Begin PBXGroup section */
		77C0D90D19AE278C00C8CA5C = {
			isa = PBXGroup;
			children = (
				77C0D91419AE27D600C8CA5C /* Autolayout_exec.js */,
				77C0D91519AE27D600C8CA5C /* Autolayout.js */,
				77C0D91619AE27F200C8CA5C /* README */,
				77C0D91719AE288200C8CA5C /* Flow (Example).txt */,
			);
			sourceTree = "<group>";
		};
/* End PBXGroup section */

/* Begin PBXProject section */
		77C0D90E19AE278C00C8CA5C /* Project object */ = {
			isa = PBXProject;
			attributes = {
				LastUpgradeCheck = 0460;
			};
			buildConfigurationList = 77C0D91119AE278C00C8CA5C /* Build configuration list for PBXProject "Auto Layout" */;
			compatibilityVersion = "Xcode 3.2";
			developmentRegion = English;
			hasScannedForEncodings = 0;
			knownRegions = (
				en,
			);
			mainGroup = 77C0D90D19AE278C00C8CA5C;
			projectDirPath = "";
			projectRoot = "";
			targets = (
			);
		};
/* End PBXProject section */

/* Begin XCBuildConfiguration section */
		77C0D91219AE278C00C8CA5C /* Debug */ = {
			isa = XCBuildConfiguration;
			buildSettings = {
			};
			name = Debug;
		};
		77C0D91319AE278C00C8CA5C /* Release */ = {
			isa = XCBuildConfiguration;
			buildSettings = {
			};
			name = Release;
		};
/* End XCBuildConfiguration section */

/* Begin XCConfigurationList section */
		77C0D91119AE278C00C8CA5C /* Build configuration list for PBXProject "Auto Layout" */ = {
			isa = XCConfigurationList;
			buildConfigurations = (
				77C0D91219AE278C00C8CA5C /* Debug */,
				77C0D91319AE278C00C8CA5C /* Release */,
			);
			defaultConfigurationIsVisible = 0;
			defaultConfigurationName = Release;
		};
/* End XCConfigurationList section */
	};
	rootObject = 77C0D90E19AE278C00C8CA5C /* Project object */;
}
